
Microsoft Visual Studio Solution File, Format Version 12.00
# Visual Studio 15
VisualStudioVersion = 15.0.27004.2005
MinimumVisualStudioVersion = 10.0.40219.1
Project("{FAE04EC0-301F-11D3-BF4B-00C04F79EFBC}") = "AngularBasic", "AngularBasic\AngularBasic.csproj", "{01B88817-AC5A-42FF-B061-01E93E761C92}"
EndProject
Global
	GlobalSection(SolutionConfigurationPlatforms) = preSolution
		Debug|Any CPU = Debug|Any CPU
		Release|Any CPU = Release|Any CPU
	EndGlobalSection
	GlobalSection(ProjectConfigurationPlatforms) = postSolution
		{01B88817-AC5A-42FF-B061-01E93E761C92}.Debug|Any CPU.ActiveCfg = Debug|Any CPU
		{01B88817-AC5A-42FF-B061-01E93E761C92}.Debug|Any CPU.Build.0 = Debug|Any CPU
		{01B88817-AC5A-42FF-B061-01E93E761C92}.Release|Any CPU.ActiveCfg = Release|Any CPU
		{01B88817-AC5A-42FF-B061-01E93E761C92}.Release|Any CPU.Build.0 = Release|Any CPU
	EndGlobalSection
	GlobalSection(SolutionProperties) = preSolution
		HideSolutionNode = FALSE
	EndGlobalSection
	GlobalSection(ExtensibilityGlobals) = postSolution
		SolutionGuid = {7BBA5327-4280-40E9-80F9-2DE90EBEF57C}
	EndGlobalSection
EndGlobal
